// !$*UTF8*$!
{
	archiveVersion = 1;
	classes = {
	};
	objectVersion = 46;
	objects = {

/* Begin PBXBuildFile section */
		BB1E705B1C83E4F500BC9D1D /* Assets.xcassets in Resources */ = {isa = PBXBuildFile; fileRef = BB1E705A1C83E4F500BC9D1D /* Assets.xcassets */; };
		BB1EC7411C929192002385EA /* LoginVKViewController.swift in Sources */ = {isa = PBXBuildFile; fileRef = BB1EC7401C929192002385EA /* LoginVKViewController.swift */; };
		BB3B74E81C8D22330037BACB /* ConfirmMottoSentController.swift in Sources */ = {isa = PBXBuildFile; fileRef = BB3B74E71C8D22330037BACB /* ConfirmMottoSentController.swift */; };
		BB3B74EA1C8D2E2B0037BACB /* VKSdkFramework.framework in Frameworks */ = {isa = PBXBuildFile; fileRef = BB3B74E91C8D2E2B0037BACB /* VKSdkFramework.framework */; };
		BB3B74EC1C8D2E2F0037BACB /* Parse.framework in Frameworks */ = {isa = PBXBuildFile; fileRef = BB3B74EB1C8D2E2F0037BACB /* Parse.framework */; };
		BB3B74EE1C8D2E330037BACB /* Bolts.framework in Frameworks */ = {isa = PBXBuildFile; fileRef = BB3B74ED1C8D2E330037BACB /* Bolts.framework */; };
		BBB13CBF1C7828A10008D018 /* AppDelegate.swift in Sources */ = {isa = PBXBuildFile; fileRef = BBB13CBE1C7828A10008D018 /* AppDelegate.swift */; };
		BBB13CC11C7828A10008D018 /* NewMottoViewController.swift in Sources */ = {isa = PBXBuildFile; fileRef = BBB13CC01C7828A10008D018 /* NewMottoViewController.swift */; };
		BBB13CC31C7828A10008D018 /* DisplayMottoViewController.swift in Sources */ = {isa = PBXBuildFile; fileRef = BBB13CC21C7828A10008D018 /* DisplayMottoViewController.swift */; };
		BBB13CC61C7828A10008D018 /* Main.storyboard in Resources */ = {isa = PBXBuildFile; fileRef = BBB13CC41C7828A10008D018 /* Main.storyboard */; };
		BBB13CCB1C7828A10008D018 /* LaunchScreen.storyboard in Resources */ = {isa = PBXBuildFile; fileRef = BBB13CC91C7828A10008D018 /* LaunchScreen.storyboard */; };
		BBB13CD61C7828A10008D018 /* playingMottoTests.swift in Sources */ = {isa = PBXBuildFile; fileRef = BBB13CD51C7828A10008D018 /* playingMottoTests.swift */; };
		BBDFB9A11C8FE00E0043F405 /* LandingViewController.swift in Sources */ = {isa = PBXBuildFile; fileRef = BBDFB9A01C8FE00E0043F405 /* LandingViewController.swift */; };
		BBDFB9A71C8FEAB30043F405 /* ProfileViewController.swift in Sources */ = {isa = PBXBuildFile; fileRef = BBDFB9A61C8FEAB30043F405 /* ProfileViewController.swift */; };
		BBDFB9A91C8FEAFB0043F405 /* ConfirmFavoritesAddedViewController.swift in Sources */ = {isa = PBXBuildFile; fileRef = BBDFB9A81C8FEAFB0043F405 /* ConfirmFavoritesAddedViewController.swift */; };
		BBDFB9AB1C8FEC9A0043F405 /* ConfirmThanksSentViewController.swift in Sources */ = {isa = PBXBuildFile; fileRef = BBDFB9AA1C8FEC9A0043F405 /* ConfirmThanksSentViewController.swift */; };
		BBDFB9AD1C8FECE60043F405 /* NewThanksViewController.swift in Sources */ = {isa = PBXBuildFile; fileRef = BBDFB9AC1C8FECE60043F405 /* NewThanksViewController.swift */; };
		BBDFB9AF1C8FEDCC0043F405 /* MyMottosViewController.swift in Sources */ = {isa = PBXBuildFile; fileRef = BBDFB9AE1C8FEDCC0043F405 /* MyMottosViewController.swift */; };
		BBDFB9B11C8FEE1A0043F405 /* EditProfileViewController.swift in Sources */ = {isa = PBXBuildFile; fileRef = BBDFB9B01C8FEE1A0043F405 /* EditProfileViewController.swift */; };
		BBEF80DA1C97DAF3009B9C6C /* ParseUI.framework in Frameworks */ = {isa = PBXBuildFile; fileRef = BBEF80D91C97DAF3009B9C6C /* ParseUI.framework */; };
/* End PBXBuildFile section */

/* Begin PBXContainerItemProxy section */
		BBB13CD21C7828A10008D018 /* PBXContainerItemProxy */ = {
			isa = PBXContainerItemProxy;
			containerPortal = BBB13CB31C7828A10008D018 /* Project object */;
			proxyType = 1;
			remoteGlobalIDString = BBB13CBA1C7828A10008D018;
			remoteInfo = playingMotto;
		};
/* End PBXContainerItemProxy section */

/* Begin PBXFileReference section */
		BB1E705A1C83E4F500BC9D1D /* Assets.xcassets */ = {isa = PBXFileReference; lastKnownFileType = folder.assetcatalog; name = Assets.xcassets; path = playingMotto/Assets.xcassets; sourceTree = "<group>"; };
		BB1EC7401C929192002385EA /* LoginVKViewController.swift */ = {isa = PBXFileReference; fileEncoding = 4; lastKnownFileType = sourcecode.swift; path = LoginVKViewController.swift; sourceTree = "<group>"; };
		BB3B74E71C8D22330037BACB /* ConfirmMottoSentController.swift */ = {isa = PBXFileReference; fileEncoding = 4; lastKnownFileType = sourcecode.swift; path = ConfirmMottoSentController.swift; sourceTree = "<group>"; };
		BB3B74E91C8D2E2B0037BACB /* VKSdkFramework.framework */ = {isa = PBXFileReference; lastKnownFileType = wrapper.framework; name = VKSdkFramework.framework; path = Carthage/Build/iOS/VKSdkFramework.framework; sourceTree = "<group>"; };
		BB3B74EB1C8D2E2F0037BACB /* Parse.framework */ = {isa = PBXFileReference; lastKnownFileType = wrapper.framework; name = Parse.framework; path = Carthage/Build/iOS/Parse.framework; sourceTree = "<group>"; };
		BB3B74ED1C8D2E330037BACB /* Bolts.framework */ = {isa = PBXFileReference; lastKnownFileType = wrapper.framework; name = Bolts.framework; path = Carthage/Build/iOS/Bolts.framework; sourceTree = "<group>"; };
		BB3B74F01C8D307D0037BACB /* playingMotto-Bridging-Header.h */ = {isa = PBXFileReference; lastKnownFileType = sourcecode.c.h; path = "playingMotto-Bridging-Header.h"; sourceTree = "<group>"; };
		BBB13CBB1C7828A10008D018 /* playingMotto.app */ = {isa = PBXFileReference; explicitFileType = wrapper.application; includeInIndex = 0; path = playingMotto.app; sourceTree = BUILT_PRODUCTS_DIR; };
		BBB13CBE1C7828A10008D018 /* AppDelegate.swift */ = {isa = PBXFileReference; lastKnownFileType = sourcecode.swift; path = AppDelegate.swift; sourceTree = "<group>"; };
		BBB13CC01C7828A10008D018 /* NewMottoViewController.swift */ = {isa = PBXFileReference; lastKnownFileType = sourcecode.swift; path = NewMottoViewController.swift; sourceTree = "<group>"; };
		BBB13CC21C7828A10008D018 /* DisplayMottoViewController.swift */ = {isa = PBXFileReference; lastKnownFileType = sourcecode.swift; path = DisplayMottoViewController.swift; sourceTree = "<group>"; };
		BBB13CC51C7828A10008D018 /* Base */ = {isa = PBXFileReference; lastKnownFileType = file.storyboard; name = Base; path = Base.lproj/Main.storyboard; sourceTree = "<group>"; };
		BBB13CCA1C7828A10008D018 /* Base */ = {isa = PBXFileReference; lastKnownFileType = file.storyboard; name = Base; path = Base.lproj/LaunchScreen.storyboard; sourceTree = "<group>"; };
		BBB13CCC1C7828A10008D018 /* Info.plist */ = {isa = PBXFileReference; lastKnownFileType = text.plist.xml; path = Info.plist; sourceTree = "<group>"; };
		BBB13CD11C7828A10008D018 /* playingMottoTests.xctest */ = {isa = PBXFileReference; explicitFileType = wrapper.cfbundle; includeInIndex = 0; path = playingMottoTests.xctest; sourceTree = BUILT_PRODUCTS_DIR; };
		BBB13CD51C7828A10008D018 /* playingMottoTests.swift */ = {isa = PBXFileReference; lastKnownFileType = sourcecode.swift; path = playingMottoTests.swift; sourceTree = "<group>"; };
		BBB13CD71C7828A10008D018 /* Info.plist */ = {isa = PBXFileReference; lastKnownFileType = text.plist.xml; path = Info.plist; sourceTree = "<group>"; };
		BBDFB9A01C8FE00E0043F405 /* LandingViewController.swift */ = {isa = PBXFileReference; fileEncoding = 4; lastKnownFileType = sourcecode.swift; path = LandingViewController.swift; sourceTree = "<group>"; };
		BBDFB9A61C8FEAB30043F405 /* ProfileViewController.swift */ = {isa = PBXFileReference; fileEncoding = 4; lastKnownFileType = sourcecode.swift; path = ProfileViewController.swift; sourceTree = "<group>"; };
		BBDFB9A81C8FEAFB0043F405 /* ConfirmFavoritesAddedViewController.swift */ = {isa = PBXFileReference; fileEncoding = 4; lastKnownFileType = sourcecode.swift; path = ConfirmFavoritesAddedViewController.swift; sourceTree = "<group>"; };
		BBDFB9AA1C8FEC9A0043F405 /* ConfirmThanksSentViewController.swift */ = {isa = PBXFileReference; fileEncoding = 4; lastKnownFileType = sourcecode.swift; path = ConfirmThanksSentViewController.swift; sourceTree = "<group>"; };
		BBDFB9AC1C8FECE60043F405 /* NewThanksViewController.swift */ = {isa = PBXFileReference; fileEncoding = 4; lastKnownFileType = sourcecode.swift; path = NewThanksViewController.swift; sourceTree = "<group>"; };
		BBDFB9AE1C8FEDCC0043F405 /* MyMottosViewController.swift */ = {isa = PBXFileReference; fileEncoding = 4; lastKnownFileType = sourcecode.swift; path = MyMottosViewController.swift; sourceTree = "<group>"; };
		BBDFB9B01C8FEE1A0043F405 /* EditProfileViewController.swift */ = {isa = PBXFileReference; fileEncoding = 4; lastKnownFileType = sourcecode.swift; path = EditProfileViewController.swift; sourceTree = "<group>"; };
		BBEF80D91C97DAF3009B9C6C /* ParseUI.framework */ = {isa = PBXFileReference; lastKnownFileType = wrapper.framework; path = ParseUI.framework; sourceTree = "<group>"; };
/* End PBXFileReference section */

/* Begin PBXFrameworksBuildPhase section */
		BBB13CB81C7828A10008D018 /* Frameworks */ = {
			isa = PBXFrameworksBuildPhase;
			buildActionMask = 2147483647;
			files = (
				BB3B74EA1C8D2E2B0037BACB /* VKSdkFramework.framework in Frameworks */,
				BB3B74EC1C8D2E2F0037BACB /* Parse.framework in Frameworks */,
				BBEF80DA1C97DAF3009B9C6C /* ParseUI.framework in Frameworks */,
				BB3B74EE1C8D2E330037BACB /* Bolts.framework in Frameworks */,
			);
			runOnlyForDeploymentPostprocessing = 0;
		};
		BBB13CCE1C7828A10008D018 /* Frameworks */ = {
			isa = PBXFrameworksBuildPhase;
			buildActionMask = 2147483647;
			files = (
			);
			runOnlyForDeploymentPostprocessing = 0;
		};
/* End PBXFrameworksBuildPhase section */

/* Begin PBXGroup section */
		BBB13CB21C7828A10008D018 = {
			isa = PBXGroup;
			children = (
				BBEF80D91C97DAF3009B9C6C /* ParseUI.framework */,
				BB3B74ED1C8D2E330037BACB /* Bolts.framework */,
				BB3B74EB1C8D2E2F0037BACB /* Parse.framework */,
				BB3B74E91C8D2E2B0037BACB /* VKSdkFramework.framework */,
				BBB13CBD1C7828A10008D018 /* playingMotto */,
				BBB13CD41C7828A10008D018 /* playingMottoTests */,
				BBB13CBC1C7828A10008D018 /* Products */,
				BB1E705A1C83E4F500BC9D1D /* Assets.xcassets */,
			);
			sourceTree = "<group>";
		};
		BBB13CBC1C7828A10008D018 /* Products */ = {
			isa = PBXGroup;
			children = (
				BBB13CBB1C7828A10008D018 /* playingMotto.app */,
				BBB13CD11C7828A10008D018 /* playingMottoTests.xctest */,
			);
			name = Products;
			sourceTree = "<group>";
		};
		BBB13CBD1C7828A10008D018 /* playingMotto */ = {
			isa = PBXGroup;
			children = (
				BBB13CBE1C7828A10008D018 /* AppDelegate.swift */,
				BBB13CC01C7828A10008D018 /* NewMottoViewController.swift */,
				BBB13CC21C7828A10008D018 /* DisplayMottoViewController.swift */,
				BBB13CC41C7828A10008D018 /* Main.storyboard */,
				BBB13CC91C7828A10008D018 /* LaunchScreen.storyboard */,
				BBB13CCC1C7828A10008D018 /* Info.plist */,
				BB3B74E71C8D22330037BACB /* ConfirmMottoSentController.swift */,
				BB3B74F01C8D307D0037BACB /* playingMotto-Bridging-Header.h */,
				BBDFB9A01C8FE00E0043F405 /* LandingViewController.swift */,
				BBDFB9A61C8FEAB30043F405 /* ProfileViewController.swift */,
				BBDFB9A81C8FEAFB0043F405 /* ConfirmFavoritesAddedViewController.swift */,
				BBDFB9AA1C8FEC9A0043F405 /* ConfirmThanksSentViewController.swift */,
				BBDFB9AC1C8FECE60043F405 /* NewThanksViewController.swift */,
				BBDFB9AE1C8FEDCC0043F405 /* MyMottosViewController.swift */,
				BBDFB9B01C8FEE1A0043F405 /* EditProfileViewController.swift */,
				BB1EC7401C929192002385EA /* LoginVKViewController.swift */,
			);
			path = playingMotto;
			sourceTree = "<group>";
		};
		BBB13CD41C7828A10008D018 /* playingMottoTests */ = {
			isa = PBXGroup;
			children = (
				BBB13CD51C7828A10008D018 /* playingMottoTests.swift */,
				BBB13CD71C7828A10008D018 /* Info.plist */,
			);
			path = playingMottoTests;
			sourceTree = "<group>";
		};
/* End PBXGroup section */

/* Begin PBXNativeTarget section */
		BBB13CBA1C7828A10008D018 /* playingMotto */ = {
			isa = PBXNativeTarget;
			buildConfigurationList = BBB13CDA1C7828A10008D018 /* Build configuration list for PBXNativeTarget "playingMotto" */;
			buildPhases = (
				BBB13CB71C7828A10008D018 /* Sources */,
				BBB13CB81C7828A10008D018 /* Frameworks */,
				BBB13CB91C7828A10008D018 /* Resources */,
				BB3B74EF1C8D2E460037BACB /* ShellScript */,
			);
			buildRules = (
			);
			dependencies = (
			);
			name = playingMotto;
			productName = playingMotto;
			productReference = BBB13CBB1C7828A10008D018 /* playingMotto.app */;
			productType = "com.apple.product-type.application";
		};
		BBB13CD01C7828A10008D018 /* playingMottoTests */ = {
			isa = PBXNativeTarget;
			buildConfigurationList = BBB13CDD1C7828A10008D018 /* Build configuration list for PBXNativeTarget "playingMottoTests" */;
			buildPhases = (
				BBB13CCD1C7828A10008D018 /* Sources */,
				BBB13CCE1C7828A10008D018 /* Frameworks */,
				BBB13CCF1C7828A10008D018 /* Resources */,
			);
			buildRules = (
			);
			dependencies = (
				BBB13CD31C7828A10008D018 /* PBXTargetDependency */,
			);
			name = playingMottoTests;
			productName = playingMottoTests;
			productReference = BBB13CD11C7828A10008D018 /* playingMottoTests.xctest */;
			productType = "com.apple.product-type.bundle.unit-test";
		};
/* End PBXNativeTarget section */

/* Begin PBXProject section */
		BBB13CB31C7828A10008D018 /* Project object */ = {
			isa = PBXProject;
			attributes = {
				LastSwiftUpdateCheck = 0730;
				LastUpgradeCheck = 0730;
				ORGANIZATIONNAME = "Guillermo Cabrera";
				TargetAttributes = {
					BBB13CBA1C7828A10008D018 = {
						CreatedOnToolsVersion = 7.3;
						DevelopmentTeam = 4ZEVKR95EB;
					};
					BBB13CD01C7828A10008D018 = {
						CreatedOnToolsVersion = 7.3;
						TestTargetID = BBB13CBA1C7828A10008D018;
					};
				};
			};
			buildConfigurationList = BBB13CB61C7828A10008D018 /* Build configuration list for PBXProject "playingMotto" */;
			compatibilityVersion = "Xcode 3.2";
			developmentRegion = English;
			hasScannedForEncodings = 0;
			knownRegions = (
				en,
				Base,
			);
			mainGroup = BBB13CB21C7828A10008D018;
			productRefGroup = BBB13CBC1C7828A10008D018 /* Products */;
			projectDirPath = "";
			projectRoot = "";
			targets = (
				BBB13CBA1C7828A10008D018 /* playingMotto */,
				BBB13CD01C7828A10008D018 /* playingMottoTests */,
			);
		};
/* End PBXProject section */

/* Begin PBXResourcesBuildPhase section */
		BBB13CB91C7828A10008D018 /* Resources */ = {
			isa = PBXResourcesBuildPhase;
			buildActionMask = 2147483647;
			files = (
				BBB13CCB1C7828A10008D018 /* LaunchScreen.storyboard in Resources */,
				BB1E705B1C83E4F500BC9D1D /* Assets.xcassets in Resources */,
				BBB13CC61C7828A10008D018 /* Main.storyboard in Resources */,
			);
			runOnlyForDeploymentPostprocessing = 0;
		};
		BBB13CCF1C7828A10008D018 /* Resources */ = {
			isa = PBXResourcesBuildPhase;
			buildActionMask = 2147483647;
			files = (
			);
			runOnlyForDeploymentPostprocessing = 0;
		};
/* End PBXResourcesBuildPhase section */

/* Begin PBXShellScriptBuildPhase section */
		BB3B74EF1C8D2E460037BACB /* ShellScript */ = {
			isa = PBXShellScriptBuildPhase;
			buildActionMask = 2147483647;
			files = (
			);
			inputPaths = (
				"$(SRCROOT)/Carthage/Build/iOS/VKSdkFramework.framework",
				"$(SRCROOT)/Carthage/Build/iOS/Parse.framework",
				"$(SRCROOT)/Carthage/Build/iOS/Bolts.framework",
				"$(SRCROOT)/ParseUi.framework",
			);
			outputPaths = (
			);
			runOnlyForDeploymentPostprocessing = 0;
			shellPath = /bin/sh;
			shellScript = "/usr/local/bin/carthage copy-frameworks";
		};
/* End PBXShellScriptBuildPhase section */

/* Begin PBXSourcesBuildPhase section */
		BBB13CB71C7828A10008D018 /* Sources */ = {
			isa = PBXSourcesBuildPhase;
			buildActionMask = 2147483647;
			files = (
				BBDFB9AD1C8FECE60043F405 /* NewThanksViewController.swift in Sources */,
				BB1EC7411C929192002385EA /* LoginVKViewController.swift in Sources */,
				BB3B74E81C8D22330037BACB /* ConfirmMottoSentController.swift in Sources */,
				BBB13CC31C7828A10008D018 /* DisplayMottoViewController.swift in Sources */,
				BBB13CBF1C7828A10008D018 /* AppDelegate.swift in Sources */,
				BBDFB9A71C8FEAB30043F405 /* ProfileViewController.swift in Sources */,
				BBDFB9A91C8FEAFB0043F405 /* ConfirmFavoritesAddedViewController.swift in Sources */,
				BBDFB9AB1C8FEC9A0043F405 /* ConfirmThanksSentViewController.swift in Sources */,
				BBDFB9B11C8FEE1A0043F405 /* EditProfileViewController.swift in Sources */,
				BBDFB9A11C8FE00E0043F405 /* LandingViewController.swift in Sources */,
				BBB13CC11C7828A10008D018 /* NewMottoViewController.swift in Sources */,
				BBDFB9AF1C8FEDCC0043F405 /* MyMottosViewController.swift in Sources */,
			);
			runOnlyForDeploymentPostprocessing = 0;
		};
		BBB13CCD1C7828A10008D018 /* Sources */ = {
			isa = PBXSourcesBuildPhase;
			buildActionMask = 2147483647;
			files = (
				BBB13CD61C7828A10008D018 /* playingMottoTests.swift in Sources */,
			);
			runOnlyForDeploymentPostprocessing = 0;
		};
/* End PBXSourcesBuildPhase section */

/* Begin PBXTargetDependency section */
		BBB13CD31C7828A10008D018 /* PBXTargetDependency */ = {
			isa = PBXTargetDependency;
			target = BBB13CBA1C7828A10008D018 /* playingMotto */;
			targetProxy = BBB13CD21C7828A10008D018 /* PBXContainerItemProxy */;
		};
/* End PBXTargetDependency section */

/* Begin PBXVariantGroup section */
		BBB13CC41C7828A10008D018 /* Main.storyboard */ = {
			isa = PBXVariantGroup;
			children = (
				BBB13CC51C7828A10008D018 /* Base */,
			);
			name = Main.storyboard;
			sourceTree = "<group>";
		};
		BBB13CC91C7828A10008D018 /* LaunchScreen.storyboard */ = {
			isa = PBXVariantGroup;
			children = (
				BBB13CCA1C7828A10008D018 /* Base */,
			);
			name = LaunchScreen.storyboard;
			sourceTree = "<group>";
		};
/* End PBXVariantGroup section */

/* Begin XCBuildConfiguration section */
		BBB13CD81C7828A10008D018 /* Debug */ = {
			isa = XCBuildConfiguration;
			buildSettings = {
				ALWAYS_SEARCH_USER_PATHS = NO;
				CLANG_CXX_LANGUAGE_STANDARD = "gnu++0x";
				CLANG_CXX_LIBRARY = "libc++";
				CLANG_ENABLE_MODULES = YES;
				CLANG_ENABLE_OBJC_ARC = YES;
				CLANG_WARN_BOOL_CONVERSION = YES;
				CLANG_WARN_CONSTANT_CONVERSION = YES;
				CLANG_WARN_DIRECT_OBJC_ISA_USAGE = YES_ERROR;
				CLANG_WARN_EMPTY_BODY = YES;
				CLANG_WARN_ENUM_CONVERSION = YES;
				CLANG_WARN_INT_CONVERSION = YES;
				CLANG_WARN_OBJC_ROOT_CLASS = YES_ERROR;
				CLANG_WARN_UNREACHABLE_CODE = YES;
				CLANG_WARN__DUPLICATE_METHOD_MATCH = YES;
				"CODE_SIGN_IDENTITY[sdk=iphoneos*]" = "iPhone Developer";
				COPY_PHASE_STRIP = NO;
				DEBUG_INFORMATION_FORMAT = dwarf;
				ENABLE_STRICT_OBJC_MSGSEND = YES;
				ENABLE_TESTABILITY = YES;
				GCC_C_LANGUAGE_STANDARD = gnu99;
				GCC_DYNAMIC_NO_PIC = NO;
				GCC_NO_COMMON_BLOCKS = YES;
				GCC_OPTIMIZATION_LEVEL = 0;
				GCC_PREPROCESSOR_DEFINITIONS = (
					"DEBUG=1",
					"$(inherited)",
				);
				GCC_WARN_64_TO_32_BIT_CONVERSION = YES;
				GCC_WARN_ABOUT_RETURN_TYPE = YES_ERROR;
				GCC_WARN_UNDECLARED_SELECTOR = YES;
				GCC_WARN_UNINITIALIZED_AUTOS = YES_AGGRESSIVE;
				GCC_WARN_UNUSED_FUNCTION = YES;
				GCC_WARN_UNUSED_VARIABLE = YES;
				IPHONEOS_DEPLOYMENT_TARGET = 9.2;
				MTL_ENABLE_DEBUG_INFO = YES;
				ONLY_ACTIVE_ARCH = YES;
				SDKROOT = iphoneos;
				SWIFT_OPTIMIZATION_LEVEL = "-Onone";
			};
			name = Debug;
		};
		BBB13CD91C7828A10008D018 /* Release */ = {
			isa = XCBuildConfiguration;
			buildSettings = {
				ALWAYS_SEARCH_USER_PATHS = NO;
				CLANG_CXX_LANGUAGE_STANDARD = "gnu++0x";
				CLANG_CXX_LIBRARY = "libc++";
				CLANG_ENABLE_MODULES = YES;
				CLANG_ENABLE_OBJC_ARC = YES;
				CLANG_WARN_BOOL_CONVERSION = YES;
				CLANG_WARN_CONSTANT_CONVERSION = YES;
				CLANG_WARN_DIRECT_OBJC_ISA_USAGE = YES_ERROR;
				CLANG_WARN_EMPTY_BODY = YES;
				CLANG_WARN_ENUM_CONVERSION = YES;
				CLANG_WARN_INT_CONVERSION = YES;
				CLANG_WARN_OBJC_ROOT_CLASS = YES_ERROR;
				CLANG_WARN_UNREACHABLE_CODE = YES;
				CLANG_WARN__DUPLICATE_METHOD_MATCH = YES;
				"CODE_SIGN_IDENTITY[sdk=iphoneos*]" = "iPhone Developer";
				COPY_PHASE_STRIP = NO;
				DEBUG_INFORMATION_FORMAT = "dwarf-with-dsym";
				ENABLE_NS_ASSERTIONS = NO;
				ENABLE_STRICT_OBJC_MSGSEND = YES;
				GCC_C_LANGUAGE_STANDARD = gnu99;
				GCC_NO_COMMON_BLOCKS = YES;
				GCC_WARN_64_TO_32_BIT_CONVERSION = YES;
				GCC_WARN_ABOUT_RETURN_TYPE = YES_ERROR;
				GCC_WARN_UNDECLARED_SELECTOR = YES;
				GCC_WARN_UNINITIALIZED_AUTOS = YES_AGGRESSIVE;
				GCC_WARN_UNUSED_FUNCTION = YES;
				GCC_WARN_UNUSED_VARIABLE = YES;
				IPHONEOS_DEPLOYMENT_TARGET = 9.2;
				MTL_ENABLE_DEBUG_INFO = NO;
				SDKROOT = iphoneos;
				VALIDATE_PRODUCT = YES;
			};
			name = Release;
		};
		BBB13CDB1C7828A10008D018 /* Debug */ = {
			isa = XCBuildConfiguration;
			buildSettings = {
				ASSETCATALOG_COMPILER_APPICON_NAME = AppIcon;
				CLANG_ENABLE_MODULES = YES;
				CODE_SIGN_IDENTITY = "iPhone Developer";
				"CODE_SIGN_IDENTITY[sdk=iphoneos*]" = "iPhone Developer";
				FRAMEWORK_SEARCH_PATHS = (
					"$(inherited)",
					"$(PROJECT_DIR)/Carthage/Build/iOS",
					"$(PROJECT_DIR)",
				);
				INFOPLIST_FILE = playingMotto/Info.plist;
				LD_RUNPATH_SEARCH_PATHS = "$(inherited) @executable_path/Frameworks";
				PRODUCT_BUNDLE_IDENTIFIER = com.kakao.playingMotto;
				PRODUCT_NAME = "$(TARGET_NAME)";
				PROVISIONING_PROFILE = "";
				SWIFT_OBJC_BRIDGING_HEADER = "playingMotto/playingMotto-Bridging-Header.h";
				SWIFT_OPTIMIZATION_LEVEL = "-Onone";
			};
			name = Debug;
		};
		BBB13CDC1C7828A10008D018 /* Release */ = {
			isa = XCBuildConfiguration;
			buildSettings = {
				ASSETCATALOG_COMPILER_APPICON_NAME = AppIcon;
				CLANG_ENABLE_MODULES = YES;
				CODE_SIGN_IDENTITY = "iPhone Developer";
				"CODE_SIGN_IDENTITY[sdk=iphoneos*]" = "iPhone Developer";
				FRAMEWORK_SEARCH_PATHS = (
					"$(inherited)",
					"$(PROJECT_DIR)/Carthage/Build/iOS",
					"$(PROJECT_DIR)",
				);
				INFOPLIST_FILE = playingMotto/Info.plist;
				LD_RUNPATH_SEARCH_PATHS = "$(inherited) @executable_path/Frameworks";
				PRODUCT_BUNDLE_IDENTIFIER = com.kakao.playingMotto;
				PRODUCT_NAME = "$(TARGET_NAME)";
				PROVISIONING_PROFILE = "";
				SWIFT_OBJC_BRIDGING_HEADER = "playingMotto/playingMotto-Bridging-Header.h";
			};
			name = Release;
		};
		BBB13CDE1C7828A10008D018 /* Debug */ = {
			isa = XCBuildConfiguration;
			buildSettings = {
				BUNDLE_LOADER = "$(TEST_HOST)";
				INFOPLIST_FILE = playingMottoTests/Info.plist;
				LD_RUNPATH_SEARCH_PATHS = "$(inherited) @executable_path/Frameworks @loader_path/Frameworks";
				PRODUCT_BUNDLE_IDENTIFIER = com.kakao.playingMottoTests;
				PRODUCT_NAME = "$(TARGET_NAME)";
				TEST_HOST = "$(BUILT_PRODUCTS_DIR)/playingMotto.app/playingMotto";
			};
			name = Debug;
		};
		BBB13CDF1C7828A10008D018 /* Release */ = {
			isa = XCBuildConfiguration;
			buildSettings = {
				BUNDLE_LOADER = "$(TEST_HOST)";
				INFOPLIST_FILE = playingMottoTests/Info.plist;
				LD_RUNPATH_SEARCH_PATHS = "$(inherited) @executable_path/Frameworks @loader_path/Frameworks";
				PRODUCT_BUNDLE_IDENTIFIER = com.kakao.playingMottoTests;
				PRODUCT_NAME = "$(TARGET_NAME)";
				TEST_HOST = "$(BUILT_PRODUCTS_DIR)/playingMotto.app/playingMotto";
			};
			name = Release;
		};
/* End XCBuildConfiguration section */

/* Begin XCConfigurationList section */
		BBB13CB61C7828A10008D018 /* Build configuration list for PBXProject "playingMotto" */ = {
			isa = XCConfigurationList;
			buildConfigurations = (
				BBB13CD81C7828A10008D018 /* Debug */,
				BBB13CD91C7828A10008D018 /* Release */,
			);
			defaultConfigurationIsVisible = 0;
			defaultConfigurationName = Release;
		};
		BBB13CDA1C7828A10008D018 /* Build configuration list for PBXNativeTarget "playingMotto" */ = {
			isa = XCConfigurationList;
			buildConfigurations = (
				BBB13CDB1C7828A10008D018 /* Debug */,
				BBB13CDC1C7828A10008D018 /* Release */,
			);
			defaultConfigurationIsVisible = 0;
			defaultConfigurationName = Release;
		};
		BBB13CDD1C7828A10008D018 /* Build configuration list for PBXNativeTarget "playingMottoTests" */ = {
			isa = XCConfigurationList;
			buildConfigurations = (
				BBB13CDE1C7828A10008D018 /* Debug */,
				BBB13CDF1C7828A10008D018 /* Release */,
			);
			defaultConfigurationIsVisible = 0;
			defaultConfigurationName = Release;
		};
/* End XCConfigurationList section */
	};
	rootObject = BBB13CB31C7828A10008D018 /* Project object */;
}
